
Microsoft Visual Studio Solution File, Format Version 12.00
# Visual Studio Version 17
VisualStudioVersion = 17.0.31903.59
MinimumVisualStudioVersion = 10.0.40219.1
Project("{2150E333-8FDC-42A3-9474-1A3956D46DE8}") = "src", "src", "{75CB862E-CE7A-41E8-B71B-300C29ABD1FB}"
EndProject
Project("{FAE04EC0-301F-11D3-BF4B-00C04F79EFBC}") = "EvMigration.Core", "src\EvMigration.Core\EvMigration.Core.csproj", "{20F30B7F-082F-409A-B2D7-DB2502317206}"
EndProject
Project("{FAE04EC0-301F-11D3-BF4B-00C04F79EFBC}") = "EvMigration.Cli", "src\EvMigration.Cli\EvMigration.Cli.csproj", "{DF326DBA-8ED8-439B-9F57-65AF30DBB505}"
EndProject
Project("{FAE04EC0-301F-11D3-BF4B-00C04F79EFBC}") = "StorionX.MockApi", "src\StorionX.MockApi\StorionX.MockApi.csproj", "{55FEA254-A5BA-4E53-8B42-1559C56B3EFA}"
EndProject
Project("{2150E333-8FDC-42A3-9474-1A3956D46DE8}") = "tests", "tests", "{DF92A71C-25CD-4B34-A600-B3D107D8670D}"
EndProject
Project("{FAE04EC0-301F-11D3-BF4B-00C04F79EFBC}") = "EvMigration.Tests", "tests\EvMigration.Tests\EvMigration.Tests.csproj", "{D1E66A88-25AF-4BBD-992E-0686ACF43DD2}"
EndProject
Global
	GlobalSection(SolutionConfigurationPlatforms) = preSolution
		Debug|Any CPU = Debug|Any CPU
		Release|Any CPU = Release|Any CPU
	EndGlobalSection
	GlobalSection(SolutionProperties) = preSolution
		HideSolutionNode = FALSE
	EndGlobalSection
	GlobalSection(ProjectConfigurationPlatforms) = postSolution
		{20F30B7F-082F-409A-B2D7-DB2502317206}.Debug|Any CPU.ActiveCfg = Debug|Any CPU
		{20F30B7F-082F-409A-B2D7-DB2502317206}.Debug|Any CPU.Build.0 = Debug|Any CPU
		{20F30B7F-082F-409A-B2D7-DB2502317206}.Release|Any CPU.ActiveCfg = Release|Any CPU
		{20F30B7F-082F-409A-B2D7-DB2502317206}.Release|Any CPU.Build.0 = Release|Any CPU
		{DF326DBA-8ED8-439B-9F57-65AF30DBB505}.Debug|Any CPU.ActiveCfg = Debug|Any CPU
		{DF326DBA-8ED8-439B-9F57-65AF30DBB505}.Debug|Any CPU.Build.0 = Debug|Any CPU
		{DF326DBA-8ED8-439B-9F57-65AF30DBB505}.Release|Any CPU.ActiveCfg = Release|Any CPU
		{DF326DBA-8ED8-439B-9F57-65AF30DBB505}.Release|Any CPU.Build.0 = Release|Any CPU
		{55FEA254-A5BA-4E53-8B42-1559C56B3EFA}.Debug|Any CPU.ActiveCfg = Debug|Any CPU
		{55FEA254-A5BA-4E53-8B42-1559C56B3EFA}.Debug|Any CPU.Build.0 = Debug|Any CPU
		{55FEA254-A5BA-4E53-8B42-1559C56B3EFA}.Release|Any CPU.ActiveCfg = Release|Any CPU
		{55FEA254-A5BA-4E53-8B42-1559C56B3EFA}.Release|Any CPU.Build.0 = Release|Any CPU
		{D1E66A88-25AF-4BBD-992E-0686ACF43DD2}.Debug|Any CPU.ActiveCfg = Debug|Any CPU
		{D1E66A88-25AF-4BBD-992E-0686ACF43DD2}.Debug|Any CPU.Build.0 = Debug|Any CPU
		{D1E66A88-25AF-4BBD-992E-0686ACF43DD2}.Release|Any CPU.ActiveCfg = Release|Any CPU
		{D1E66A88-25AF-4BBD-992E-0686ACF43DD2}.Release|Any CPU.Build.0 = Release|Any CPU
	EndGlobalSection
	GlobalSection(NestedProjects) = preSolution
		{20F30B7F-082F-409A-B2D7-DB2502317206} = {75CB862E-CE7A-41E8-B71B-300C29ABD1FB}
		{DF326DBA-8ED8-439B-9F57-65AF30DBB505} = {75CB862E-CE7A-41E8-B71B-300C29ABD1FB}
		{55FEA254-A5BA-4E53-8B42-1559C56B3EFA} = {75CB862E-CE7A-41E8-B71B-300C29ABD1FB}
		{D1E66A88-25AF-4BBD-992E-0686ACF43DD2} = {DF92A71C-25CD-4B34-A600-B3D107D8670D}
	EndGlobalSection
EndGlobal
